// !$*UTF8*$!
{
	archiveVersion = 1;
	classes = {
	};
	objectVersion = 50;
	objects = {

/* Begin PBXBuildFile section */
		2897FE942473B01200D7ED92 /* AppDelegate.swift in Sources */ = {isa = PBXBuildFile; fileRef = 2897FE932473B01200D7ED92 /* AppDelegate.swift */; };
		2897FE962473B01200D7ED92 /* SceneDelegate.swift in Sources */ = {isa = PBXBuildFile; fileRef = 2897FE952473B01200D7ED92 /* SceneDelegate.swift */; };
		2897FE982473B01200D7ED92 /* ViewController.swift in Sources */ = {isa = PBXBuildFile; fileRef = 2897FE972473B01200D7ED92 /* ViewController.swift */; };
		2897FE9B2473B01200D7ED92 /* Main.storyboard in Resources */ = {isa = PBXBuildFile; fileRef = 2897FE992473B01200D7ED92 /* Main.storyboard */; };
		2897FE9D2473B01500D7ED92 /* Assets.xcassets in Resources */ = {isa = PBXBuildFile; fileRef = 2897FE9C2473B01500D7ED92 /* Assets.xcassets */; };
		2897FEA02473B01500D7ED92 /* LaunchScreen.storyboard in Resources */ = {isa = PBXBuildFile; fileRef = 2897FE9E2473B01500D7ED92 /* LaunchScreen.storyboard */; };
		2897FEA92473B05700D7ED92 /* emoji zone.mp4 in Resources */ = {isa = PBXBuildFile; fileRef = 2897FEA82473B05700D7ED92 /* emoji zone.mp4 */; };
		2897FEAD2473B31D00D7ED92 /* PlayVideoCell.swift in Sources */ = {isa = PBXBuildFile; fileRef = 2897FEAC2473B31D00D7ED92 /* PlayVideoCell.swift */; };
/* End PBXBuildFile section */

/* Begin PBXFileReference section */
		2897FE902473B01200D7ED92 /* videoDemo.app */ = {isa = PBXFileReference; explicitFileType = wrapper.application; includeInIndex = 0; path = videoDemo.app; sourceTree = BUILT_PRODUCTS_DIR; };
		2897FE932473B01200D7ED92 /* AppDelegate.swift */ = {isa = PBXFileReference; lastKnownFileType = sourcecode.swift; path = AppDelegate.swift; sourceTree = "<group>"; };
		2897FE952473B01200D7ED92 /* SceneDelegate.swift */ = {isa = PBXFileReference; lastKnownFileType = sourcecode.swift; path = SceneDelegate.swift; sourceTree = "<group>"; };
		2897FE972473B01200D7ED92 /* ViewController.swift */ = {isa = PBXFileReference; lastKnownFileType = sourcecode.swift; path = ViewController.swift; sourceTree = "<group>"; };
		2897FE9A2473B01200D7ED92 /* Base */ = {isa = PBXFileReference; lastKnownFileType = file.storyboard; name = Base; path = Base.lproj/Main.storyboard; sourceTree = "<group>"; };
		2897FE9C2473B01500D7ED92 /* Assets.xcassets */ = {isa = PBXFileReference; lastKnownFileType = folder.assetcatalog; path = Assets.xcassets; sourceTree = "<group>"; };
		2897FE9F2473B01500D7ED92 /* Base */ = {isa = PBXFileReference; lastKnownFileType = file.storyboard; name = Base; path = Base.lproj/LaunchScreen.storyboard; sourceTree = "<group>"; };
		2897FEA12473B01500D7ED92 /* Info.plist */ = {isa = PBXFileReference; lastKnownFileType = text.plist.xml; path = Info.plist; sourceTree = "<group>"; };
		2897FEA82473B05700D7ED92 /* emoji zone.mp4 */ = {isa = PBXFileReference; lastKnownFileType = file; path = "emoji zone.mp4"; sourceTree = "<group>"; };
		2897FEAC2473B31D00D7ED92 /* PlayVideoCell.swift */ = {isa = PBXFileReference; lastKnownFileType = sourcecode.swift; path = PlayVideoCell.swift; sourceTree = "<group>"; };
/* End PBXFileReference section */

/* Begin PBXFrameworksBuildPhase section */
		2897FE8D2473B01200D7ED92 /* Frameworks */ = {
			isa = PBXFrameworksBuildPhase;
			buildActionMask = 2147483647;
			files = (
			);
			runOnlyForDeploymentPostprocessing = 0;
		};
/* End PBXFrameworksBuildPhase section */

/* Begin PBXGroup section */
		2897FE872473B01200D7ED92 = {
			isa = PBXGroup;
			children = (
				2897FE922473B01200D7ED92 /* videoDemo */,
				2897FE912473B01200D7ED92 /* Products */,
			);
			sourceTree = "<group>";
		};
		2897FE912473B01200D7ED92 /* Products */ = {
			isa = PBXGroup;
			children = (
				2897FE902473B01200D7ED92 /* videoDemo.app */,
			);
			name = Products;
			sourceTree = "<group>";
		};
		2897FE922473B01200D7ED92 /* videoDemo */ = {
			isa = PBXGroup;
			children = (
				2897FEA72473B02E00D7ED92 /* movie */,
				2897FE932473B01200D7ED92 /* AppDelegate.swift */,
				2897FE952473B01200D7ED92 /* SceneDelegate.swift */,
				2897FE972473B01200D7ED92 /* ViewController.swift */,
				2897FEAC2473B31D00D7ED92 /* PlayVideoCell.swift */,
				2897FE992473B01200D7ED92 /* Main.storyboard */,
				2897FE9C2473B01500D7ED92 /* Assets.xcassets */,
				2897FE9E2473B01500D7ED92 /* LaunchScreen.storyboard */,
				2897FEA12473B01500D7ED92 /* Info.plist */,
			);
			path = videoDemo;
			sourceTree = "<group>";
		};
		2897FEA72473B02E00D7ED92 /* movie */ = {
			isa = PBXGroup;
			children = (
				2897FEA82473B05700D7ED92 /* emoji zone.mp4 */,
			);
			path = movie;
			sourceTree = "<group>";
		};
/* End PBXGroup section */

/* Begin PBXNativeTarget section */
		2897FE8F2473B01200D7ED92 /* videoDemo */ = {
			isa = PBXNativeTarget;
			buildConfigurationList = 2897FEA42473B01500D7ED92 /* Build configuration list for PBXNativeTarget "videoDemo" */;
			buildPhases = (
				2897FE8C2473B01200D7ED92 /* Sources */,
				2897FE8D2473B01200D7ED92 /* Frameworks */,
				2897FE8E2473B01200D7ED92 /* Resources */,
			);
			buildRules = (
			);
			dependencies = (
			);
			name = videoDemo;
			productName = videoDemo;
			productReference = 2897FE902473B01200D7ED92 /* videoDemo.app */;
			productType = "com.apple.product-type.application";
		};
/* End PBXNativeTarget section */

/* Begin PBXProject section */
		2897FE882473B01200D7ED92 /* Project object */ = {
			isa = PBXProject;
			attributes = {
				LastSwiftUpdateCheck = 1140;
				LastUpgradeCheck = 1140;
				ORGANIZATIONNAME = GY;
				TargetAttributes = {
					2897FE8F2473B01200D7ED92 = {
						CreatedOnToolsVersion = 11.4.1;
					};
				};
			};
			buildConfigurationList = 2897FE8B2473B01200D7ED92 /* Build configuration list for PBXProject "videoDemo" */;
			compatibilityVersion = "Xcode 9.3";
			developmentRegion = en;
			hasScannedForEncodings = 0;
			knownRegions = (
				en,
				Base,
			);
			mainGroup = 2897FE872473B01200D7ED92;
			productRefGroup = 2897FE912473B01200D7ED92 /* Products */;
			projectDirPath = "";
			projectRoot = "";
			targets = (
				2897FE8F2473B01200D7ED92 /* videoDemo */,
			);
		};
/* End PBXProject section */

/* Begin PBXResourcesBuildPhase section */
		2897FE8E2473B01200D7ED92 /* Resources */ = {
			isa = PBXResourcesBuildPhase;
			buildActionMask = 2147483647;
			files = (
				2897FEA02473B01500D7ED92 /* LaunchScreen.storyboard in Resources */,
				2897FEA92473B05700D7ED92 /* emoji zone.mp4 in Resources */,
				2897FE9D2473B01500D7ED92 /* Assets.xcassets in Resources */,
				2897FE9B2473B01200D7ED92 /* Main.storyboard in Resources */,
			);
			runOnlyForDeploymentPostprocessing = 0;
		};
/* End PBXResourcesBuildPhase section */

/* Begin PBXSourcesBuildPhase section */
		2897FE8C2473B01200D7ED92 /* Sources */ = {
			isa = PBXSourcesBuildPhase;
			buildActionMask = 2147483647;
			files = (
				2897FE982473B01200D7ED92 /* ViewController.swift in Sources */,
				2897FE942473B01200D7ED92 /* AppDelegate.swift in Sources */,
				2897FE962473B01200D7ED92 /* SceneDelegate.swift in Sources */,
				2897FEAD2473B31D00D7ED92 /* PlayVideoCell.swift in Sources */,
			);
			runOnlyForDeploymentPostprocessing = 0;
		};
/* End PBXSourcesBuildPhase section */

/* Begin PBXVariantGroup section */
		2897FE992473B01200D7ED92 /* Main.storyboard */ = {
			isa = PBXVariantGroup;
			children = (
				2897FE9A2473B01200D7ED92 /* Base */,
			);
			name = Main.storyboard;
			sourceTree = "<group>";
		};
		2897FE9E2473B01500D7ED92 /* LaunchScreen.storyboard */ = {
			isa = PBXVariantGroup;
			children = (
				2897FE9F2473B01500D7ED92 /* Base */,
			);
			name = LaunchScreen.storyboard;
			sourceTree = "<group>";
		};
/* End PBXVariantGroup section */

/* Begin XCBuildConfiguration section */
		2897FEA22473B01500D7ED92 /* Debug */ = {
			isa = XCBuildConfiguration;
			buildSettings = {
				ALWAYS_SEARCH_USER_PATHS = NO;
				CLANG_ANALYZER_NONNULL = YES;
				CLANG_ANALYZER_NUMBER_OBJECT_CONVERSION = YES_AGGRESSIVE;
				CLANG_CXX_LANGUAGE_STANDARD = "gnu++14";
				CLANG_CXX_LIBRARY = "libc++";
				CLANG_ENABLE_MODULES = YES;
				CLANG_ENABLE_OBJC_ARC = YES;
				CLANG_ENABLE_OBJC_WEAK = YES;
				CLANG_WARN_BLOCK_CAPTURE_AUTORELEASING = YES;
				CLANG_WARN_BOOL_CONVERSION = YES;
				CLANG_WARN_COMMA = YES;
				CLANG_WARN_CONSTANT_CONVERSION = YES;
				CLANG_WARN_DEPRECATED_OBJC_IMPLEMENTATIONS = YES;
				CLANG_WARN_DIRECT_OBJC_ISA_USAGE = YES_ERROR;
				CLANG_WARN_DOCUMENTATION_COMMENTS = YES;
				CLANG_WARN_EMPTY_BODY = YES;
				CLANG_WARN_ENUM_CONVERSION = YES;
				CLANG_WARN_INFINITE_RECURSION = YES;
				CLANG_WARN_INT_CONVERSION = YES;
				CLANG_WARN_NON_LITERAL_NULL_CONVERSION = YES;
				CLANG_WARN_OBJC_IMPLICIT_RETAIN_SELF = YES;
				CLANG_WARN_OBJC_LITERAL_CONVERSION = YES;
				CLANG_WARN_OBJC_ROOT_CLASS = YES_ERROR;
				CLANG_WARN_RANGE_LOOP_ANALYSIS = YES;
				CLANG_WARN_STRICT_PROTOTYPES = YES;
				CLANG_WARN_SUSPICIOUS_MOVE = YES;
				CLANG_WARN_UNGUARDED_AVAILABILITY = YES_AGGRESSIVE;
				CLANG_WARN_UNREACHABLE_CODE = YES;
				CLANG_WARN__DUPLICATE_METHOD_MATCH = YES;
				COPY_PHASE_STRIP = NO;
				DEBUG_INFORMATION_FORMAT = dwarf;
				ENABLE_STRICT_OBJC_MSGSEND = YES;
				ENABLE_TESTABILITY = YES;
				GCC_C_LANGUAGE_STANDARD = gnu11;
				GCC_DYNAMIC_NO_PIC = NO;
				GCC_NO_COMMON_BLOCKS = YES;
				GCC_OPTIMIZATION_LEVEL = 0;
				GCC_PREPROCESSOR_DEFINITIONS = (
					"DEBUG=1",
					"$(inherited)",
				);
				GCC_WARN_64_TO_32_BIT_CONVERSION = YES;
				GCC_WARN_ABOUT_RETURN_TYPE = YES_ERROR;
				GCC_WARN_UNDECLARED_SELECTOR = YES;
				GCC_WARN_UNINITIALIZED_AUTOS = YES_AGGRESSIVE;
				GCC_WARN_UNUSED_FUNCTION = YES;
				GCC_WARN_UNUSED_VARIABLE = YES;
				IPHONEOS_DEPLOYMENT_TARGET = 13.4;
				MTL_ENABLE_DEBUG_INFO = INCLUDE_SOURCE;
				MTL_FAST_MATH = YES;
				ONLY_ACTIVE_ARCH = YES;
				SDKROOT = iphoneos;
				SWIFT_ACTIVE_COMPILATION_CONDITIONS = DEBUG;
				SWIFT_OPTIMIZATION_LEVEL = "-Onone";
			};
			name = Debug;
		};
		2897FEA32473B01500D7ED92 /* Release */ = {
			isa = XCBuildConfiguration;
			buildSettings = {
				ALWAYS_SEARCH_USER_PATHS = NO;
				CLANG_ANALYZER_NONNULL = YES;
				CLANG_ANALYZER_NUMBER_OBJECT_CONVERSION = YES_AGGRESSIVE;
				CLANG_CXX_LANGUAGE_STANDARD = "gnu++14";
				CLANG_CXX_LIBRARY = "libc++";
				CLANG_ENABLE_MODULES = YES;
				CLANG_ENABLE_OBJC_ARC = YES;
				CLANG_ENABLE_OBJC_WEAK = YES;
				CLANG_WARN_BLOCK_CAPTURE_AUTORELEASING = YES;
				CLANG_WARN_BOOL_CONVERSION = YES;
				CLANG_WARN_COMMA = YES;
				CLANG_WARN_CONSTANT_CONVERSION = YES;
				CLANG_WARN_DEPRECATED_OBJC_IMPLEMENTATIONS = YES;
				CLANG_WARN_DIRECT_OBJC_ISA_USAGE = YES_ERROR;
				CLANG_WARN_DOCUMENTATION_COMMENTS = YES;
				CLANG_WARN_EMPTY_BODY = YES;
				CLANG_WARN_ENUM_CONVERSION = YES;
				CLANG_WARN_INFINITE_RECURSION = YES;
				CLANG_WARN_INT_CONVERSION = YES;
				CLANG_WARN_NON_LITERAL_NULL_CONVERSION = YES;
				CLANG_WARN_OBJC_IMPLICIT_RETAIN_SELF = YES;
				CLANG_WARN_OBJC_LITERAL_CONVERSION = YES;
				CLANG_WARN_OBJC_ROOT_CLASS = YES_ERROR;
				CLANG_WARN_RANGE_LOOP_ANALYSIS = YES;
				CLANG_WARN_STRICT_PROTOTYPES = YES;
				CLANG_WARN_SUSPICIOUS_MOVE = YES;
				CLANG_WARN_UNGUARDED_AVAILABILITY = YES_AGGRESSIVE;
				CLANG_WARN_UNREACHABLE_CODE = YES;
				CLANG_WARN__DUPLICATE_METHOD_MATCH = YES;
				COPY_PHASE_STRIP = NO;
				DEBUG_INFORMATION_FORMAT = "dwarf-with-dsym";
				ENABLE_NS_ASSERTIONS = NO;
				ENABLE_STRICT_OBJC_MSGSEND = YES;
				GCC_C_LANGUAGE_STANDARD = gnu11;
				GCC_NO_COMMON_BLOCKS = YES;
				GCC_WARN_64_TO_32_BIT_CONVERSION = YES;
				GCC_WARN_ABOUT_RETURN_TYPE = YES_ERROR;
				GCC_WARN_UNDECLARED_SELECTOR = YES;
				GCC_WARN_UNINITIALIZED_AUTOS = YES_AGGRESSIVE;
				GCC_WARN_UNUSED_FUNCTION = YES;
				GCC_WARN_UNUSED_VARIABLE = YES;
				IPHONEOS_DEPLOYMENT_TARGET = 13.4;
				MTL_ENABLE_DEBUG_INFO = NO;
				MTL_FAST_MATH = YES;
				SDKROOT = iphoneos;
				SWIFT_COMPILATION_MODE = wholemodule;
				SWIFT_OPTIMIZATION_LEVEL = "-O";
				VALIDATE_PRODUCT = YES;
			};
			name = Release;
		};
		2897FEA52473B01500D7ED92 /* Debug */ = {
			isa = XCBuildConfiguration;
			buildSettings = {
				ASSETCATALOG_COMPILER_APPICON_NAME = AppIcon;
				CODE_SIGN_STYLE = Automatic;
				INFOPLIST_FILE = videoDemo/Info.plist;
				LD_RUNPATH_SEARCH_PATHS = (
					"$(inherited)",
					"@executable_path/Frameworks",
				);
				PRODUCT_BUNDLE_IDENTIFIER = cn.com.test.videoDemo;
				PRODUCT_NAME = "$(TARGET_NAME)";
				SWIFT_VERSION = 5.0;
				TARGETED_DEVICE_FAMILY = "1,2";
			};
			name = Debug;
		};
		2897FEA62473B01500D7ED92 /* Release */ = {
			isa = XCBuildConfiguration;
			buildSettings = {
				ASSETCATALOG_COMPILER_APPICON_NAME = AppIcon;
				CODE_SIGN_STYLE = Automatic;
				INFOPLIST_FILE = videoDemo/Info.plist;
				LD_RUNPATH_SEARCH_PATHS = (
					"$(inherited)",
					"@executable_path/Frameworks",
				);
				PRODUCT_BUNDLE_IDENTIFIER = cn.com.test.videoDemo;
				PRODUCT_NAME = "$(TARGET_NAME)";
				SWIFT_VERSION = 5.0;
				TARGETED_DEVICE_FAMILY = "1,2";
			};
			name = Release;
		};
/* End XCBuildConfiguration section */

/* Begin XCConfigurationList section */
		2897FE8B2473B01200D7ED92 /* Build configuration list for PBXProject "videoDemo" */ = {
			isa = XCConfigurationList;
			buildConfigurations = (
				2897FEA22473B01500D7ED92 /* Debug */,
				2897FEA32473B01500D7ED92 /* Release */,
			);
			defaultConfigurationIsVisible = 0;
			defaultConfigurationName = Release;
		};
		2897FEA42473B01500D7ED92 /* Build configuration list for PBXNativeTarget "videoDemo" */ = {
			isa = XCConfigurationList;
			buildConfigurations = (
				2897FEA52473B01500D7ED92 /* Debug */,
				2897FEA62473B01500D7ED92 /* Release */,
			);
			defaultConfigurationIsVisible = 0;
			defaultConfigurationName = Release;
		};
/* End XCConfigurationList section */
	};
	rootObject = 2897FE882473B01200D7ED92 /* Project object */;
}
